
Microsoft Visual Studio Solution File, Format Version 12.00
# Visual Studio Version 17
VisualStudioVersion = 17.1.32228.430
MinimumVisualStudioVersion = 10.0.40219.1
Project("{8BC9CEB8-8B4A-11D0-8D11-00A0C91BC942}") = "MAP", "MAP\MAP.vcxproj", "{92E1152A-7A40-43E3-A88B-031AFF06EC03}"
EndProject
Global
	GlobalSection(SolutionConfigurationPlatforms) = preSolution
		Debug|x64 = Debug|x64
		Debug|x86 = Debug|x86
		Release|x64 = Release|x64
		Release|x86 = Release|x86
	EndGlobalSection
	GlobalSection(ProjectConfigurationPlatforms) = postSolution
		{92E1152A-7A40-43E3-A88B-031AFF06EC03}.Debug|x64.ActiveCfg = Debug|x64
		{92E1152A-7A40-43E3-A88B-031AFF06EC03}.Debug|x64.Build.0 = Debug|x64
		{92E1152A-7A40-43E3-A88B-031AFF06EC03}.Debug|x86.ActiveCfg = Debug|Win32
		{92E1152A-7A40-43E3-A88B-031AFF06EC03}.Debug|x86.Build.0 = Debug|Win32
		{92E1152A-7A40-43E3-A88B-031AFF06EC03}.Release|x64.ActiveCfg = Release|x64
		{92E1152A-7A40-43E3-A88B-031AFF06EC03}.Release|x64.Build.0 = Release|x64
		{92E1152A-7A40-43E3-A88B-031AFF06EC03}.Release|x86.ActiveCfg = Release|Win32
		{92E1152A-7A40-43E3-A88B-031AFF06EC03}.Release|x86.Build.0 = Release|Win32
	EndGlobalSection
	GlobalSection(SolutionProperties) = preSolution
		HideSolutionNode = FALSE
	EndGlobalSection
	GlobalSection(ExtensibilityGlobals) = postSolution
		SolutionGuid = {C3A9F45E-1BC2-4893-8C60-529B66F1A5FA}
	EndGlobalSection
EndGlobal
